
Microsoft Visual Studio Solution File, Format Version 12.00
# Visual Studio Version 17
VisualStudioVersion = 17.11.35312.102
MinimumVisualStudioVersion = 10.0.40219.1
Project("{8BC9CEB8-8B4A-11D0-8D11-00A0C91BC942}") = "test_2025_4_28", "test_2025_4_28.vcxproj", "{CE49C4ED-462A-4941-B3F0-D0B9D87552F7}"
EndProject
Global
	GlobalSection(SolutionConfigurationPlatforms) = preSolution
		Debug|x64 = Debug|x64
		Debug|x86 = Debug|x86
		Release|x64 = Release|x64
		Release|x86 = Release|x86
	EndGlobalSection
	GlobalSection(ProjectConfigurationPlatforms) = postSolution
		{CE49C4ED-462A-4941-B3F0-D0B9D87552F7}.Debug|x64.ActiveCfg = Debug|x64
		{CE49C4ED-462A-4941-B3F0-D0B9D87552F7}.Debug|x64.Build.0 = Debug|x64
		{CE49C4ED-462A-4941-B3F0-D0B9D87552F7}.Debug|x86.ActiveCfg = Debug|Win32
		{CE49C4ED-462A-4941-B3F0-D0B9D87552F7}.Debug|x86.Build.0 = Debug|Win32
		{CE49C4ED-462A-4941-B3F0-D0B9D87552F7}.Release|x64.ActiveCfg = Release|x64
		{CE49C4ED-462A-4941-B3F0-D0B9D87552F7}.Release|x64.Build.0 = Release|x64
		{CE49C4ED-462A-4941-B3F0-D0B9D87552F7}.Release|x86.ActiveCfg = Release|Win32
		{CE49C4ED-462A-4941-B3F0-D0B9D87552F7}.Release|x86.Build.0 = Release|Win32
	EndGlobalSection
	GlobalSection(SolutionProperties) = preSolution
		HideSolutionNode = FALSE
	EndGlobalSection
	GlobalSection(ExtensibilityGlobals) = postSolution
		SolutionGuid = {1BF2237D-4194-46AD-B186-419B3A2DAEC2}
	EndGlobalSection
EndGlobal
